
Microsoft Visual Studio Solution File, Format Version 12.00
# Visual Studio 15
VisualStudioVersion = 15.0.27703.2018
MinimumVisualStudioVersion = 10.0.40219.1
Project("{2150E333-8FDC-42A3-9474-1A3956D46DE8}") = "Solution Items", "Solution Items", "{6183ECCC-32FE-460F-BCA0-AD134CB2EC84}"
	ProjectSection(SolutionItems) = preProject
		CHANGELOG.md = CHANGELOG.md
		README.md = README.md
	EndProjectSection
EndProject
Project("{FAE04EC0-301F-11D3-BF4B-00C04F79EFBC}") = "AssemblyInfoProject", "AssemblyInfoProject\AssemblyInfoProject.csproj", "{55BB509D-1B63-45C3-B1B7-7CA9915B2B19}"
	ProjectSection(ProjectDependencies) = postProject
		{97B2DB9C-A5B5-42A9-8616-A9CDC8052D25} = {97B2DB9C-A5B5-42A9-8616-A9CDC8052D25}
	EndProjectSection
EndProject
Project("{FAE04EC0-301F-11D3-BF4B-00C04F79EFBC}") = "AssemblyInfoHelper", "AssemblyInfoHelper\AssemblyInfoHelper.csproj", "{97B2DB9C-A5B5-42A9-8616-A9CDC8052D25}"
	ProjectSection(ProjectDependencies) = postProject
		{990DCB9E-80BE-4884-8C28-945990E6EDCC} = {990DCB9E-80BE-4884-8C28-945990E6EDCC}
	EndProjectSection
EndProject
Project("{FAE04EC0-301F-11D3-BF4B-00C04F79EFBC}") = "AssemblyInfoHelper.Updater", "AssemblyInfoHelper.Updater\AssemblyInfoHelper.Updater.csproj", "{990DCB9E-80BE-4884-8C28-945990E6EDCC}"
EndProject
Global
	GlobalSection(SolutionConfigurationPlatforms) = preSolution
		Debug|Any CPU = Debug|Any CPU
		Release|Any CPU = Release|Any CPU
	EndGlobalSection
	GlobalSection(ProjectConfigurationPlatforms) = postSolution
		{55BB509D-1B63-45C3-B1B7-7CA9915B2B19}.Debug|Any CPU.ActiveCfg = Debug|Any CPU
		{55BB509D-1B63-45C3-B1B7-7CA9915B2B19}.Debug|Any CPU.Build.0 = Debug|Any CPU
		{55BB509D-1B63-45C3-B1B7-7CA9915B2B19}.Release|Any CPU.ActiveCfg = Release|Any CPU
		{55BB509D-1B63-45C3-B1B7-7CA9915B2B19}.Release|Any CPU.Build.0 = Release|Any CPU
		{97B2DB9C-A5B5-42A9-8616-A9CDC8052D25}.Debug|Any CPU.ActiveCfg = Debug|Any CPU
		{97B2DB9C-A5B5-42A9-8616-A9CDC8052D25}.Debug|Any CPU.Build.0 = Debug|Any CPU
		{97B2DB9C-A5B5-42A9-8616-A9CDC8052D25}.Release|Any CPU.ActiveCfg = Release|Any CPU
		{97B2DB9C-A5B5-42A9-8616-A9CDC8052D25}.Release|Any CPU.Build.0 = Release|Any CPU
		{990DCB9E-80BE-4884-8C28-945990E6EDCC}.Debug|Any CPU.ActiveCfg = Debug|Any CPU
		{990DCB9E-80BE-4884-8C28-945990E6EDCC}.Debug|Any CPU.Build.0 = Debug|Any CPU
		{990DCB9E-80BE-4884-8C28-945990E6EDCC}.Release|Any CPU.ActiveCfg = Release|Any CPU
		{990DCB9E-80BE-4884-8C28-945990E6EDCC}.Release|Any CPU.Build.0 = Release|Any CPU
	EndGlobalSection
	GlobalSection(SolutionProperties) = preSolution
		HideSolutionNode = FALSE
	EndGlobalSection
	GlobalSection(ExtensibilityGlobals) = postSolution
		SolutionGuid = {8157C83E-02F6-4F2B-B28D-DFFFB4385872}
	EndGlobalSection
EndGlobal
